
Microsoft Visual Studio Solution File, Format Version 12.00
# Visual Studio 15
VisualStudioVersion = 15.0.28307.1145
MinimumVisualStudioVersion = 10.0.40219.1
Project("{8BC9CEB8-8B4A-11D0-8D11-00A0C91BC942}") = "ShellcodeRun", "Server\ShellcodeRun.vcxproj", "{7F97B6A1-DA10-43B2-BB56-72C45538CF80}"
EndProject
Global
	GlobalSection(SolutionConfigurationPlatforms) = preSolution
		Debug|x64 = Debug|x64
		Debug|x86 = Debug|x86
		Release|x64 = Release|x64
		Release|x86 = Release|x86
	EndGlobalSection
	GlobalSection(ProjectConfigurationPlatforms) = postSolution
		{7F97B6A1-DA10-43B2-BB56-72C45538CF80}.Debug|x64.ActiveCfg = Debug|x64
		{7F97B6A1-DA10-43B2-BB56-72C45538CF80}.Debug|x64.Build.0 = Debug|x64
		{7F97B6A1-DA10-43B2-BB56-72C45538CF80}.Debug|x86.ActiveCfg = Debug|Win32
		{7F97B6A1-DA10-43B2-BB56-72C45538CF80}.Debug|x86.Build.0 = Debug|Win32
		{7F97B6A1-DA10-43B2-BB56-72C45538CF80}.Release|x64.ActiveCfg = Release|x64
		{7F97B6A1-DA10-43B2-BB56-72C45538CF80}.Release|x64.Build.0 = Release|x64
		{7F97B6A1-DA10-43B2-BB56-72C45538CF80}.Release|x86.ActiveCfg = Release|Win32
		{7F97B6A1-DA10-43B2-BB56-72C45538CF80}.Release|x86.Build.0 = Release|Win32
	EndGlobalSection
	GlobalSection(SolutionProperties) = preSolution
		HideSolutionNode = FALSE
	EndGlobalSection
	GlobalSection(ExtensibilityGlobals) = postSolution
		SolutionGuid = {8FB3C18A-B7DC-49DD-8E90-3972202B014B}
	EndGlobalSection
EndGlobal
